
Microsoft Visual Studio Solution File, Format Version 12.00
# Visual Studio Version 17
VisualStudioVersion = 17.0.32014.148
MinimumVisualStudioVersion = 10.0.40219.1
Project("{FAE04EC0-301F-11D3-BF4B-00C04F79EFBC}") = "ViktorDraganov-employees", "ViktorDraganov-employees\ViktorDraganov-employees.csproj", "{C67B5E6C-6676-499A-8BF6-1363EFB2B96B}"
EndProject
Global
	GlobalSection(SolutionConfigurationPlatforms) = preSolution
		Debug|Any CPU = Debug|Any CPU
		Release|Any CPU = Release|Any CPU
	EndGlobalSection
	GlobalSection(ProjectConfigurationPlatforms) = postSolution
		{C67B5E6C-6676-499A-8BF6-1363EFB2B96B}.Debug|Any CPU.ActiveCfg = Debug|Any CPU
		{C67B5E6C-6676-499A-8BF6-1363EFB2B96B}.Debug|Any CPU.Build.0 = Debug|Any CPU
		{C67B5E6C-6676-499A-8BF6-1363EFB2B96B}.Release|Any CPU.ActiveCfg = Release|Any CPU
		{C67B5E6C-6676-499A-8BF6-1363EFB2B96B}.Release|Any CPU.Build.0 = Release|Any CPU
	EndGlobalSection
	GlobalSection(SolutionProperties) = preSolution
		HideSolutionNode = FALSE
	EndGlobalSection
	GlobalSection(ExtensibilityGlobals) = postSolution
		SolutionGuid = {55C57FB4-3E1D-4F3E-A9F8-3634F5FBA45C}
	EndGlobalSection
EndGlobal
